
Microsoft Visual Studio Solution File, Format Version 12.00
# Visual Studio Version 17
VisualStudioVersion = 17.9.34622.214
MinimumVisualStudioVersion = 10.0.40219.1
Project("{FAE04EC0-301F-11D3-BF4B-00C04F79EFBC}") = "Verisoft.Codereview.ElidingAsyncAwait", "Verisoft.Codereview.ElidingAsyncAwait\Verisoft.Codereview.ElidingAsyncAwait.csproj", "{156AD20E-16C8-4313-BD84-17FD8D886EAA}"
EndProject
Global
	GlobalSection(SolutionConfigurationPlatforms) = preSolution
		Debug|Any CPU = Debug|Any CPU
		Release|Any CPU = Release|Any CPU
	EndGlobalSection
	GlobalSection(ProjectConfigurationPlatforms) = postSolution
		{156AD20E-16C8-4313-BD84-17FD8D886EAA}.Debug|Any CPU.ActiveCfg = Debug|Any CPU
		{156AD20E-16C8-4313-BD84-17FD8D886EAA}.Debug|Any CPU.Build.0 = Debug|Any CPU
		{156AD20E-16C8-4313-BD84-17FD8D886EAA}.Release|Any CPU.ActiveCfg = Release|Any CPU
		{156AD20E-16C8-4313-BD84-17FD8D886EAA}.Release|Any CPU.Build.0 = Release|Any CPU
	EndGlobalSection
	GlobalSection(SolutionProperties) = preSolution
		HideSolutionNode = FALSE
	EndGlobalSection
	GlobalSection(ExtensibilityGlobals) = postSolution
		SolutionGuid = {8977F62B-E02E-4083-8A7E-35F17EBB33DC}
	EndGlobalSection
EndGlobal
